{
    "_readme": [
        "This file locks the dependencies of your project to a known state",
        "Read more about it at https://getcomposer.org/doc/01-basic-usage.md#installing-dependencies",
        "This file is @generated automatically"
    ],
    "content-hash": "9131e5213b3618ddb3fe78dae8dbf51a",
    "packages": [
        {
            "name": "azatmurtazin/probatio-php",
            "version": "dev-main",
            "dist": {
                "type": "path",
                "url": "..",
                "reference": "740c94e1dc80f640fea12aefb84c991990f85688"
            },
            "require": {
                "php": ">=7.2"
            },
            "type": "library",
            "autoload": {
                "psr-4": {
                    "Probatio\\": "src/"
                }
            },
            "license": [
                "MIT"
            ],
            "authors": [
                {
                    "name": "Azat Murtazin",
                    "email": "murtazin.azat@gmail.com"
                }
            ],
            "description": "Probatio-php is a simple testing framework",
            "transport-options": {
                "symlink": true,
                "relative": true
            }
        }
    ],
    "packages-dev": [],
    "aliases": [],
    "minimum-stability": "stable",
    "stability-flags": {
        "azatmurtazin/probatio-php": 20
    },
    "prefer-stable": false,
    "prefer-lowest": false,
    "platform": {},
    "platform-dev": {},
    "plugin-api-version": "2.9.0"
}
